<?xml version="1.0" encoding="utf-8"?>
<Project ToolsVersion="4.0" xmlns="http://schemas.microsoft.com/developer/msbuild/2003">
  <ItemGroup>
    <Filter Include="Assets">
      <UniqueIdentifier>{3824E0A7-24C6-0A7E-0D81-1ED2F9C191CE}</UniqueIdentifier>
    </Filter>
    <Filter Include="Assets\ZilchScripts">
      <UniqueIdentifier>{4964BD8C-B5C5-9A9A-3E33-E14CAA93D159}</UniqueIdentifier>
    </Filter>
    <Filter Include="Source">
      <UniqueIdentifier>{56EB95D1-428D-C0A7-2B48-D4FB178947F8}</UniqueIdentifier>
    </Filter>
    <Filter Include="Source\Build">
      <UniqueIdentifier>{F54FB9F1-E1B2-4896-8A38-814C767A1419}</UniqueIdentifier>
    </Filter>
    <Filter Include="Source\Build\Console">
      <UniqueIdentifier>{178C380D-031B-C2D6-AC39-D6D198A7D27C}</UniqueIdentifier>
    </Filter>
    <Filter Include="Source\Build\Serializer">
      <UniqueIdentifier>{DE517331-4A89-BBC8-5393-1FECBF49E2C1}</UniqueIdentifier>
    </Filter>
    <Filter Include="Source\Core">
      <UniqueIdentifier>{6E95150F-DA4A-8E04-633F-88DBCFF38408}</UniqueIdentifier>
    </Filter>
    <Filter Include="Source\Zilch">
      <UniqueIdentifier>{1F1365F3-0B76-F497-B4FB-2C4EA03DC01A}</UniqueIdentifier>
    </Filter>
  </ItemGroup>
  <ItemGroup>
    <None Include="..\Assets\Settings.data">
      <Filter>Assets</Filter>
    </None>
    <None Include="..\Assets\ZilchScripts\ScriptTest.z">
      <Filter>Assets\ZilchScripts</Filter>
    </None>
  </ItemGroup>
  <ItemGroup>
    <ClInclude Include="..\Source\Build\Console\SinSole.h">
      <Filter>Source\Build\Console</Filter>
    </ClInclude>
    <ClInclude Include="..\Source\Build\Defines.h">
      <Filter>Source\Build</Filter>
    </ClInclude>
    <ClInclude Include="..\Source\Build\Precompiled.h">
      <Filter>Source\Build</Filter>
    </ClInclude>
    <ClInclude Include="..\Source\Build\Serializer\Serializer.h">
      <Filter>Source\Build\Serializer</Filter>
    </ClInclude>
    <ClInclude Include="..\Source\Core\Engine.h">
      <Filter>Source\Core</Filter>
    </ClInclude>
    <ClInclude Include="..\Source\Core\SinEntity.h">
      <Filter>Source\Core</Filter>
    </ClInclude>
    <ClInclude Include="..\Source\Zilch\ZilchCompiledLib.h">
      <Filter>Source\Zilch</Filter>
    </ClInclude>
    <ClInclude Include="..\Source\Build\Serializer\DataFile.h">
      <Filter>Source\Build\Serializer</Filter>
    </ClInclude>
  </ItemGroup>
  <ItemGroup>
    <ClCompile Include="..\Source\Build\Console\SinSole.cpp">
      <Filter>Source\Build\Console</Filter>
    </ClCompile>
    <ClCompile Include="..\Source\Build\Precompiled.cpp">
      <Filter>Source\Build</Filter>
    </ClCompile>
    <ClCompile Include="..\Source\Build\Serializer\Serializer.cpp">
      <Filter>Source\Build\Serializer</Filter>
    </ClCompile>
    <ClCompile Include="..\Source\Core\Engine.cpp">
      <Filter>Source\Core</Filter>
    </ClCompile>
    <ClCompile Include="..\Source\Core\SinEntity.cpp">
      <Filter>Source\Core</Filter>
    </ClCompile>
    <ClCompile Include="..\Source\WinMain.cpp">
      <Filter>Source</Filter>
    </ClCompile>
    <ClCompile Include="..\Source\Zilch\Zilch.cpp">
      <Filter>Source\Zilch</Filter>
    </ClCompile>
    <ClCompile Include="..\Source\Zilch\ZilchCompiledLib.cpp">
      <Filter>Source\Zilch</Filter>
    </ClCompile>
    <ClCompile Include="..\Source\Build\Serializer\DataFile.cpp">
      <Filter>Source\Build\Serializer</Filter>
    </ClCompile>
  </ItemGroup>
</Project>